
Microsoft Visual Studio Solution File, Format Version 12.00
# Visual Studio Version 16
VisualStudioVersion = 16.0.33920.266
MinimumVisualStudioVersion = 10.0.40219.1
Project("{9A19103F-16F7-4668-BE54-9A1E7A4F7556}") = "DoAn3API", "DoAn3API\DoAn3API.csproj", "{BA85E897-F005-4F86-BCA6-CCCC541691BE}"
EndProject
Project("{FAE04EC0-301F-11D3-BF4B-00C04F79EFBC}") = "Domain", "Domain\Domain.csproj", "{319C7285-7943-4EEF-881D-C01F0EE1BE6D}"
EndProject
Project("{9A19103F-16F7-4668-BE54-9A1E7A4F7556}") = "Infastructure", "Infastructure\Infastructure.csproj", "{F4DCDCB5-E029-4B4C-8819-6CA1B8612CE9}"
EndProject
Global
	GlobalSection(SolutionConfigurationPlatforms) = preSolution
		Debug|Any CPU = Debug|Any CPU
		Release|Any CPU = Release|Any CPU
	EndGlobalSection
	GlobalSection(ProjectConfigurationPlatforms) = postSolution
		{BA85E897-F005-4F86-BCA6-CCCC541691BE}.Debug|Any CPU.ActiveCfg = Debug|Any CPU
		{BA85E897-F005-4F86-BCA6-CCCC541691BE}.Debug|Any CPU.Build.0 = Debug|Any CPU
		{BA85E897-F005-4F86-BCA6-CCCC541691BE}.Release|Any CPU.ActiveCfg = Release|Any CPU
		{BA85E897-F005-4F86-BCA6-CCCC541691BE}.Release|Any CPU.Build.0 = Release|Any CPU
		{319C7285-7943-4EEF-881D-C01F0EE1BE6D}.Debug|Any CPU.ActiveCfg = Debug|Any CPU
		{319C7285-7943-4EEF-881D-C01F0EE1BE6D}.Debug|Any CPU.Build.0 = Debug|Any CPU
		{319C7285-7943-4EEF-881D-C01F0EE1BE6D}.Release|Any CPU.ActiveCfg = Release|Any CPU
		{319C7285-7943-4EEF-881D-C01F0EE1BE6D}.Release|Any CPU.Build.0 = Release|Any CPU
		{F4DCDCB5-E029-4B4C-8819-6CA1B8612CE9}.Debug|Any CPU.ActiveCfg = Debug|Any CPU
		{F4DCDCB5-E029-4B4C-8819-6CA1B8612CE9}.Debug|Any CPU.Build.0 = Debug|Any CPU
		{F4DCDCB5-E029-4B4C-8819-6CA1B8612CE9}.Release|Any CPU.ActiveCfg = Release|Any CPU
		{F4DCDCB5-E029-4B4C-8819-6CA1B8612CE9}.Release|Any CPU.Build.0 = Release|Any CPU
	EndGlobalSection
	GlobalSection(SolutionProperties) = preSolution
		HideSolutionNode = FALSE
	EndGlobalSection
	GlobalSection(ExtensibilityGlobals) = postSolution
		SolutionGuid = {015A1422-8149-4E02-B1DD-6DF1FCB1EF28}
	EndGlobalSection
EndGlobal
