
Microsoft Visual Studio Solution File, Format Version 12.00
# Visual Studio Version 16
VisualStudioVersion = 16.0.33920.266
MinimumVisualStudioVersion = 10.0.40219.1
Project("{FAE04EC0-301F-11D3-BF4B-00C04F79EFBC}") = "DoAn3API", "DoAn3API\DoAn3API.csproj", "{BA85E897-F005-4F86-BCA6-CCCC541691BE}"
EndProject
Global
	GlobalSection(SolutionConfigurationPlatforms) = preSolution
		Debug|Any CPU = Debug|Any CPU
		Release|Any CPU = Release|Any CPU
	EndGlobalSection
	GlobalSection(ProjectConfigurationPlatforms) = postSolution
		{BA85E897-F005-4F86-BCA6-CCCC541691BE}.Debug|Any CPU.ActiveCfg = Debug|Any CPU
		{BA85E897-F005-4F86-BCA6-CCCC541691BE}.Debug|Any CPU.Build.0 = Debug|Any CPU
		{BA85E897-F005-4F86-BCA6-CCCC541691BE}.Release|Any CPU.ActiveCfg = Release|Any CPU
		{BA85E897-F005-4F86-BCA6-CCCC541691BE}.Release|Any CPU.Build.0 = Release|Any CPU
	EndGlobalSection
	GlobalSection(SolutionProperties) = preSolution
		HideSolutionNode = FALSE
	EndGlobalSection
	GlobalSection(ExtensibilityGlobals) = postSolution
		SolutionGuid = {015A1422-8149-4E02-B1DD-6DF1FCB1EF28}
	EndGlobalSection
EndGlobal
